PODS:
  - ExtensibleEnumeratedName (1.0)

DEPENDENCIES:
  - ExtensibleEnumeratedName (from `../`)

EXTERNAL SOURCES:
  ExtensibleEnumeratedName:
    :path: "../"

SPEC CHECKSUMS:
  ExtensibleEnumeratedName: 106da4a730d6264f5cb3d2f0fe952fde200418e4

PODFILE CHECKSUM: b13f35c51c7f14ea79eda983a944ccca9909febb

COCOAPODS: 1.6.0.beta.1
